
Microsoft Visual Studio Solution File, Format Version 12.00
# Visual Studio 2013
VisualStudioVersion = 12.0.30723.0
MinimumVisualStudioVersion = 10.0.40219.1
Project("{FAE04EC0-301F-11D3-BF4B-00C04F79EFBC}") = "Saltarelle.Metadata.ResourceLoader", "Saltarelle.Metadata.ResourceLoader\Saltarelle.Metadata.ResourceLoader.csproj", "{9B0E9197-6235-4543-9378-631C09635875}"
EndProject
Project("{2150E333-8FDC-42A3-9474-1A3956D46DE8}") = "Samples", "Samples", "{2BB50F96-6898-4415-849E-2CF1078BC817}"
EndProject
Project("{FAE04EC0-301F-11D3-BF4B-00C04F79EFBC}") = "Saltarelle.Metadata.ResourceLoader.Samples", "Samples\Saltarelle.Metadata.ResourceLoader.Samples\Saltarelle.Metadata.ResourceLoader.Samples.csproj", "{51EE1BA1-E1F8-42FF-B547-CFD2ED3F7C58}"
EndProject
Project("{FAE04EC0-301F-11D3-BF4B-00C04F79EFBC}") = "Saltarelle.Metadata.ResourceLoader.StandAlone", "Saltarelle.Metadata.ResourceLoader.StandAlone\Saltarelle.Metadata.ResourceLoader.StandAlone.csproj", "{222C75E1-6FD0-4090-8402-2008E34D73C5}"
EndProject
Project("{E24C65DC-7377-472B-9ABA-BC803B73C61A}") = "Samples.Web", "http://localhost:65502", "{5FD476E0-4CB4-496B-8117-D8300FB67E1A}"
	ProjectSection(WebsiteProperties) = preProject
		UseIISExpress = "true"
		TargetFrameworkMoniker = ".NETFramework,Version%3Dv4.0"
		Debug.AspNetCompiler.VirtualPath = "/localhost_65502"
		Debug.AspNetCompiler.PhysicalPath = "Samples\Samples.Web\"
		Debug.AspNetCompiler.TargetPath = "PrecompiledWeb\localhost_65502\"
		Debug.AspNetCompiler.Updateable = "true"
		Debug.AspNetCompiler.ForceOverwrite = "true"
		Debug.AspNetCompiler.FixedNames = "false"
		Debug.AspNetCompiler.Debug = "True"
		Release.AspNetCompiler.VirtualPath = "/localhost_65502"
		Release.AspNetCompiler.PhysicalPath = "Samples\Samples.Web\"
		Release.AspNetCompiler.TargetPath = "PrecompiledWeb\localhost_65502\"
		Release.AspNetCompiler.Updateable = "true"
		Release.AspNetCompiler.ForceOverwrite = "true"
		Release.AspNetCompiler.FixedNames = "false"
		Release.AspNetCompiler.Debug = "False"
		SlnRelativePath = "Samples\Samples.Web\"
	EndProjectSection
EndProject
Global
	GlobalSection(SolutionConfigurationPlatforms) = preSolution
		Debug|Any CPU = Debug|Any CPU
		Release|Any CPU = Release|Any CPU
	EndGlobalSection
	GlobalSection(ProjectConfigurationPlatforms) = postSolution
		{9B0E9197-6235-4543-9378-631C09635875}.Debug|Any CPU.ActiveCfg = Debug|Any CPU
		{9B0E9197-6235-4543-9378-631C09635875}.Debug|Any CPU.Build.0 = Debug|Any CPU
		{9B0E9197-6235-4543-9378-631C09635875}.Release|Any CPU.ActiveCfg = Release|Any CPU
		{9B0E9197-6235-4543-9378-631C09635875}.Release|Any CPU.Build.0 = Release|Any CPU
		{51EE1BA1-E1F8-42FF-B547-CFD2ED3F7C58}.Debug|Any CPU.ActiveCfg = Debug|Any CPU
		{51EE1BA1-E1F8-42FF-B547-CFD2ED3F7C58}.Debug|Any CPU.Build.0 = Debug|Any CPU
		{51EE1BA1-E1F8-42FF-B547-CFD2ED3F7C58}.Release|Any CPU.ActiveCfg = Release|Any CPU
		{51EE1BA1-E1F8-42FF-B547-CFD2ED3F7C58}.Release|Any CPU.Build.0 = Release|Any CPU
		{222C75E1-6FD0-4090-8402-2008E34D73C5}.Debug|Any CPU.ActiveCfg = Debug|Any CPU
		{222C75E1-6FD0-4090-8402-2008E34D73C5}.Debug|Any CPU.Build.0 = Debug|Any CPU
		{222C75E1-6FD0-4090-8402-2008E34D73C5}.Release|Any CPU.ActiveCfg = Release|Any CPU
		{222C75E1-6FD0-4090-8402-2008E34D73C5}.Release|Any CPU.Build.0 = Release|Any CPU
		{5FD476E0-4CB4-496B-8117-D8300FB67E1A}.Debug|Any CPU.ActiveCfg = Debug|Any CPU
		{5FD476E0-4CB4-496B-8117-D8300FB67E1A}.Debug|Any CPU.Build.0 = Debug|Any CPU
		{5FD476E0-4CB4-496B-8117-D8300FB67E1A}.Release|Any CPU.ActiveCfg = Debug|Any CPU
		{5FD476E0-4CB4-496B-8117-D8300FB67E1A}.Release|Any CPU.Build.0 = Debug|Any CPU
	EndGlobalSection
	GlobalSection(SolutionProperties) = preSolution
		HideSolutionNode = FALSE
	EndGlobalSection
	GlobalSection(NestedProjects) = preSolution
		{51EE1BA1-E1F8-42FF-B547-CFD2ED3F7C58} = {2BB50F96-6898-4415-849E-2CF1078BC817}
		{5FD476E0-4CB4-496B-8117-D8300FB67E1A} = {2BB50F96-6898-4415-849E-2CF1078BC817}
	EndGlobalSection
EndGlobal
